// !$*UTF8*$!
{
	archiveVersion = 1;
	classes = {
	};
	objectVersion = 55;
	objects = {

/* Begin PBXBuildFile section */
		AB947B4A0E69F6A281A92024 /* Pods_flixster.framework in Frameworks */ = {isa = PBXBuildFile; fileRef = BADE63A52F4332173E061B78 /* Pods_flixster.framework */; };
		B171CADD8519FC46763DDD13 /* Pods_flixster_flixsterUITests.framework in Frameworks */ = {isa = PBXBuildFile; fileRef = FD4BD82F66141AFDEA04357C /* Pods_flixster_flixsterUITests.framework */; };
		C8165E8E28D8CBBE008763B0 /* MovieDetailsViewController.swift in Sources */ = {isa = PBXBuildFile; fileRef = C8165E8D28D8CBBE008763B0 /* MovieDetailsViewController.swift */; };
		C82E156E28CFD08600BB186D /* MovieCell.swift in Sources */ = {isa = PBXBuildFile; fileRef = C82E156D28CFD08600BB186D /* MovieCell.swift */; };
		C871349528CA917D00010EAE /* AppDelegate.swift in Sources */ = {isa = PBXBuildFile; fileRef = C871349428CA917D00010EAE /* AppDelegate.swift */; };
		C871349728CA917D00010EAE /* SceneDelegate.swift in Sources */ = {isa = PBXBuildFile; fileRef = C871349628CA917D00010EAE /* SceneDelegate.swift */; };
		C871349928CA917D00010EAE /* MoviesViewController.swift in Sources */ = {isa = PBXBuildFile; fileRef = C871349828CA917D00010EAE /* MoviesViewController.swift */; };
		C871349C28CA917D00010EAE /* Main.storyboard in Resources */ = {isa = PBXBuildFile; fileRef = C871349A28CA917D00010EAE /* Main.storyboard */; };
		C871349E28CA919200010EAE /* Assets.xcassets in Resources */ = {isa = PBXBuildFile; fileRef = C871349D28CA919200010EAE /* Assets.xcassets */; };
		C87134A128CA919200010EAE /* LaunchScreen.storyboard in Resources */ = {isa = PBXBuildFile; fileRef = C871349F28CA919200010EAE /* LaunchScreen.storyboard */; };
		C87134AC28CA919300010EAE /* flixsterTests.swift in Sources */ = {isa = PBXBuildFile; fileRef = C87134AB28CA919300010EAE /* flixsterTests.swift */; };
		C87134B628CA919300010EAE /* flixsterUITests.swift in Sources */ = {isa = PBXBuildFile; fileRef = C87134B528CA919300010EAE /* flixsterUITests.swift */; };
		C87134B828CA919300010EAE /* flixsterUITestsLaunchTests.swift in Sources */ = {isa = PBXBuildFile; fileRef = C87134B728CA919300010EAE /* flixsterUITestsLaunchTests.swift */; };
		C88E17A728D01B1300268AD2 /* AlamofireImage in Frameworks */ = {isa = PBXBuildFile; productRef = C88E17A628D01B1300268AD2 /* AlamofireImage */; };
		C8D9D7EE28DA7B2300004152 /* MovieGridViewController.swift in Sources */ = {isa = PBXBuildFile; fileRef = C8D9D7ED28DA7B2300004152 /* MovieGridViewController.swift */; };
		C8D9D7F028DA9C9000004152 /* MovieGridCell.swift in Sources */ = {isa = PBXBuildFile; fileRef = C8D9D7EF28DA9C9000004152 /* MovieGridCell.swift */; };
		CF20AA35B459F5BB4762C94D /* Pods_flixsterTests.framework in Frameworks */ = {isa = PBXBuildFile; fileRef = E6AA84EDA863C0D4BB4E8987 /* Pods_flixsterTests.framework */; };
/* End PBXBuildFile section */

/* Begin PBXContainerItemProxy section */
		C87134A828CA919300010EAE /* PBXContainerItemProxy */ = {
			isa = PBXContainerItemProxy;
			containerPortal = C871348928CA917D00010EAE /* Project object */;
			proxyType = 1;
			remoteGlobalIDString = C871349028CA917D00010EAE;
			remoteInfo = flixster;
		};
		C87134B228CA919300010EAE /* PBXContainerItemProxy */ = {
			isa = PBXContainerItemProxy;
			containerPortal = C871348928CA917D00010EAE /* Project object */;
			proxyType = 1;
			remoteGlobalIDString = C871349028CA917D00010EAE;
			remoteInfo = flixster;
		};
/* End PBXContainerItemProxy section */

/* Begin PBXFileReference section */
		184FD366C55997B3E1E61408 /* Pods-flixster.release.xcconfig */ = {isa = PBXFileReference; includeInIndex = 1; lastKnownFileType = text.xcconfig; name = "Pods-flixster.release.xcconfig"; path = "Target Support Files/Pods-flixster/Pods-flixster.release.xcconfig"; sourceTree = "<group>"; };
		8253A9A2F6DFFEE7CB33F2DE /* Pods-flixster.debug.xcconfig */ = {isa = PBXFileReference; includeInIndex = 1; lastKnownFileType = text.xcconfig; name = "Pods-flixster.debug.xcconfig"; path = "Target Support Files/Pods-flixster/Pods-flixster.debug.xcconfig"; sourceTree = "<group>"; };
		88FF1168D9CF7755A428335D /* Pods-flixster-flixsterUITests.release.xcconfig */ = {isa = PBXFileReference; includeInIndex = 1; lastKnownFileType = text.xcconfig; name = "Pods-flixster-flixsterUITests.release.xcconfig"; path = "Target Support Files/Pods-flixster-flixsterUITests/Pods-flixster-flixsterUITests.release.xcconfig"; sourceTree = "<group>"; };
		91792B7310C027AF761D30A2 /* Pods-flixsterTests.release.xcconfig */ = {isa = PBXFileReference; includeInIndex = 1; lastKnownFileType = text.xcconfig; name = "Pods-flixsterTests.release.xcconfig"; path = "Target Support Files/Pods-flixsterTests/Pods-flixsterTests.release.xcconfig"; sourceTree = "<group>"; };
		A1EE1CAF3AA7BA9C229AA3DC /* Pods-flixsterTests.debug.xcconfig */ = {isa = PBXFileReference; includeInIndex = 1; lastKnownFileType = text.xcconfig; name = "Pods-flixsterTests.debug.xcconfig"; path = "Target Support Files/Pods-flixsterTests/Pods-flixsterTests.debug.xcconfig"; sourceTree = "<group>"; };
		BADE63A52F4332173E061B78 /* Pods_flixster.framework */ = {isa = PBXFileReference; explicitFileType = wrapper.framework; includeInIndex = 0; path = Pods_flixster.framework; sourceTree = BUILT_PRODUCTS_DIR; };
		C8165E8D28D8CBBE008763B0 /* MovieDetailsViewController.swift */ = {isa = PBXFileReference; lastKnownFileType = sourcecode.swift; path = MovieDetailsViewController.swift; sourceTree = "<group>"; };
		C82E156D28CFD08600BB186D /* MovieCell.swift */ = {isa = PBXFileReference; lastKnownFileType = sourcecode.swift; path = MovieCell.swift; sourceTree = "<group>"; };
		C871349128CA917D00010EAE /* flixster.app */ = {isa = PBXFileReference; explicitFileType = wrapper.application; includeInIndex = 0; path = flixster.app; sourceTree = BUILT_PRODUCTS_DIR; };
		C871349428CA917D00010EAE /* AppDelegate.swift */ = {isa = PBXFileReference; lastKnownFileType = sourcecode.swift; path = AppDelegate.swift; sourceTree = "<group>"; };
		C871349628CA917D00010EAE /* SceneDelegate.swift */ = {isa = PBXFileReference; lastKnownFileType = sourcecode.swift; path = SceneDelegate.swift; sourceTree = "<group>"; };
		C871349828CA917D00010EAE /* MoviesViewController.swift */ = {isa = PBXFileReference; lastKnownFileType = sourcecode.swift; path = MoviesViewController.swift; sourceTree = "<group>"; };
		C871349B28CA917D00010EAE /* Base */ = {isa = PBXFileReference; lastKnownFileType = file.storyboard; name = Base; path = Base.lproj/Main.storyboard; sourceTree = "<group>"; };
		C871349D28CA919200010EAE /* Assets.xcassets */ = {isa = PBXFileReference; lastKnownFileType = folder.assetcatalog; path = Assets.xcassets; sourceTree = "<group>"; };
		C87134A028CA919200010EAE /* Base */ = {isa = PBXFileReference; lastKnownFileType = file.storyboard; name = Base; path = Base.lproj/LaunchScreen.storyboard; sourceTree = "<group>"; };
		C87134A228CA919200010EAE /* Info.plist */ = {isa = PBXFileReference; lastKnownFileType = text.plist.xml; path = Info.plist; sourceTree = "<group>"; };
		C87134A728CA919300010EAE /* flixsterTests.xctest */ = {isa = PBXFileReference; explicitFileType = wrapper.cfbundle; includeInIndex = 0; path = flixsterTests.xctest; sourceTree = BUILT_PRODUCTS_DIR; };
		C87134AB28CA919300010EAE /* flixsterTests.swift */ = {isa = PBXFileReference; lastKnownFileType = sourcecode.swift; path = flixsterTests.swift; sourceTree = "<group>"; };
		C87134B128CA919300010EAE /* flixsterUITests.xctest */ = {isa = PBXFileReference; explicitFileType = wrapper.cfbundle; includeInIndex = 0; path = flixsterUITests.xctest; sourceTree = BUILT_PRODUCTS_DIR; };
		C87134B528CA919300010EAE /* flixsterUITests.swift */ = {isa = PBXFileReference; lastKnownFileType = sourcecode.swift; path = flixsterUITests.swift; sourceTree = "<group>"; };
		C87134B728CA919300010EAE /* flixsterUITestsLaunchTests.swift */ = {isa = PBXFileReference; lastKnownFileType = sourcecode.swift; path = flixsterUITestsLaunchTests.swift; sourceTree = "<group>"; };
		C8D9D7ED28DA7B2300004152 /* MovieGridViewController.swift */ = {isa = PBXFileReference; lastKnownFileType = sourcecode.swift; path = MovieGridViewController.swift; sourceTree = "<group>"; };
		C8D9D7EF28DA9C9000004152 /* MovieGridCell.swift */ = {isa = PBXFileReference; lastKnownFileType = sourcecode.swift; path = MovieGridCell.swift; sourceTree = "<group>"; };
		E6AA84EDA863C0D4BB4E8987 /* Pods_flixsterTests.framework */ = {isa = PBXFileReference; explicitFileType = wrapper.framework; includeInIndex = 0; path = Pods_flixsterTests.framework; sourceTree = BUILT_PRODUCTS_DIR; };
		EF65DD514653AC84AB7E305B /* Pods-flixster-flixsterUITests.debug.xcconfig */ = {isa = PBXFileReference; includeInIndex = 1; lastKnownFileType = text.xcconfig; name = "Pods-flixster-flixsterUITests.debug.xcconfig"; path = "Target Support Files/Pods-flixster-flixsterUITests/Pods-flixster-flixsterUITests.debug.xcconfig"; sourceTree = "<group>"; };
		FD4BD82F66141AFDEA04357C /* Pods_flixster_flixsterUITests.framework */ = {isa = PBXFileReference; explicitFileType = wrapper.framework; includeInIndex = 0; path = Pods_flixster_flixsterUITests.framework; sourceTree = BUILT_PRODUCTS_DIR; };
/* End PBXFileReference section */

/* Begin PBXFrameworksBuildPhase section */
		C871348E28CA917D00010EAE /* Frameworks */ = {
			isa = PBXFrameworksBuildPhase;
			buildActionMask = 2147483647;
			files = (
				C88E17A728D01B1300268AD2 /* AlamofireImage in Frameworks */,
				AB947B4A0E69F6A281A92024 /* Pods_flixster.framework in Frameworks */,
			);
			runOnlyForDeploymentPostprocessing = 0;
		};
		C87134A428CA919300010EAE /* Frameworks */ = {
			isa = PBXFrameworksBuildPhase;
			buildActionMask = 2147483647;
			files = (
				CF20AA35B459F5BB4762C94D /* Pods_flixsterTests.framework in Frameworks */,
			);
			runOnlyForDeploymentPostprocessing = 0;
		};
		C87134AE28CA919300010EAE /* Frameworks */ = {
			isa = PBXFrameworksBuildPhase;
			buildActionMask = 2147483647;
			files = (
				B171CADD8519FC46763DDD13 /* Pods_flixster_flixsterUITests.framework in Frameworks */,
			);
			runOnlyForDeploymentPostprocessing = 0;
		};
/* End PBXFrameworksBuildPhase section */

/* Begin PBXGroup section */
		8C949E56322CAE71C4F16D55 /* Frameworks */ = {
			isa = PBXGroup;
			children = (
				BADE63A52F4332173E061B78 /* Pods_flixster.framework */,
				FD4BD82F66141AFDEA04357C /* Pods_flixster_flixsterUITests.framework */,
				E6AA84EDA863C0D4BB4E8987 /* Pods_flixsterTests.framework */,
			);
			name = Frameworks;
			sourceTree = "<group>";
		};
		C871348828CA917D00010EAE = {
			isa = PBXGroup;
			children = (
				C871349328CA917D00010EAE /* flixster */,
				C87134AA28CA919300010EAE /* flixsterTests */,
				C87134B428CA919300010EAE /* flixsterUITests */,
				C871349228CA917D00010EAE /* Products */,
				D222D355F1FAE3B47DF1A78A /* Pods */,
				8C949E56322CAE71C4F16D55 /* Frameworks */,
			);
			sourceTree = "<group>";
		};
		C871349228CA917D00010EAE /* Products */ = {
			isa = PBXGroup;
			children = (
				C871349128CA917D00010EAE /* flixster.app */,
				C87134A728CA919300010EAE /* flixsterTests.xctest */,
				C87134B128CA919300010EAE /* flixsterUITests.xctest */,
			);
			name = Products;
			sourceTree = "<group>";
		};
		C871349328CA917D00010EAE /* flixster */ = {
			isa = PBXGroup;
			children = (
				C871349628CA917D00010EAE /* SceneDelegate.swift */,
				C871349428CA917D00010EAE /* AppDelegate.swift */,
				C871349A28CA917D00010EAE /* Main.storyboard */,
				C871349D28CA919200010EAE /* Assets.xcassets */,
				C871349F28CA919200010EAE /* LaunchScreen.storyboard */,
				C87134A228CA919200010EAE /* Info.plist */,
				C871349828CA917D00010EAE /* MoviesViewController.swift */,
				C82E156D28CFD08600BB186D /* MovieCell.swift */,
				C8165E8D28D8CBBE008763B0 /* MovieDetailsViewController.swift */,
				C8D9D7ED28DA7B2300004152 /* MovieGridViewController.swift */,
				C8D9D7EF28DA9C9000004152 /* MovieGridCell.swift */,
			);
			path = flixster;
			sourceTree = "<group>";
		};
		C87134AA28CA919300010EAE /* flixsterTests */ = {
			isa = PBXGroup;
			children = (
				C87134AB28CA919300010EAE /* flixsterTests.swift */,
			);
			path = flixsterTests;
			sourceTree = "<group>";
		};
		C87134B428CA919300010EAE /* flixsterUITests */ = {
			isa = PBXGroup;
			children = (
				C87134B528CA919300010EAE /* flixsterUITests.swift */,
				C87134B728CA919300010EAE /* flixsterUITestsLaunchTests.swift */,
			);
			path = flixsterUITests;
			sourceTree = "<group>";
		};
		D222D355F1FAE3B47DF1A78A /* Pods */ = {
			isa = PBXGroup;
			children = (
				8253A9A2F6DFFEE7CB33F2DE /* Pods-flixster.debug.xcconfig */,
				184FD366C55997B3E1E61408 /* Pods-flixster.release.xcconfig */,
				EF65DD514653AC84AB7E305B /* Pods-flixster-flixsterUITests.debug.xcconfig */,
				88FF1168D9CF7755A428335D /* Pods-flixster-flixsterUITests.release.xcconfig */,
				A1EE1CAF3AA7BA9C229AA3DC /* Pods-flixsterTests.debug.xcconfig */,
				91792B7310C027AF761D30A2 /* Pods-flixsterTests.release.xcconfig */,
			);
			path = Pods;
			sourceTree = "<group>";
		};
/* End PBXGroup section */

/* Begin PBXNativeTarget section */
		C871349028CA917D00010EAE /* flixster */ = {
			isa = PBXNativeTarget;
			buildConfigurationList = C87134BB28CA919300010EAE /* Build configuration list for PBXNativeTarget "flixster" */;
			buildPhases = (
				8DBC57476D9783F2FBF09E36 /* [CP] Check Pods Manifest.lock */,
				C871348D28CA917D00010EAE /* Sources */,
				C871348E28CA917D00010EAE /* Frameworks */,
				C871348F28CA917D00010EAE /* Resources */,
				7ADBE992AF4D3B05BEDBB267 /* [CP] Embed Pods Frameworks */,
			);
			buildRules = (
			);
			dependencies = (
			);
			name = flixster;
			packageProductDependencies = (
				C88E17A628D01B1300268AD2 /* AlamofireImage */,
			);
			productName = flixster;
			productReference = C871349128CA917D00010EAE /* flixster.app */;
			productType = "com.apple.product-type.application";
		};
		C87134A628CA919300010EAE /* flixsterTests */ = {
			isa = PBXNativeTarget;
			buildConfigurationList = C87134BE28CA919300010EAE /* Build configuration list for PBXNativeTarget "flixsterTests" */;
			buildPhases = (
				7E2A5B5C32EB5AC8603E5ADB /* [CP] Check Pods Manifest.lock */,
				C87134A328CA919300010EAE /* Sources */,
				C87134A428CA919300010EAE /* Frameworks */,
				C87134A528CA919300010EAE /* Resources */,
			);
			buildRules = (
			);
			dependencies = (
				C87134A928CA919300010EAE /* PBXTargetDependency */,
			);
			name = flixsterTests;
			productName = flixsterTests;
			productReference = C87134A728CA919300010EAE /* flixsterTests.xctest */;
			productType = "com.apple.product-type.bundle.unit-test";
		};
		C87134B028CA919300010EAE /* flixsterUITests */ = {
			isa = PBXNativeTarget;
			buildConfigurationList = C87134C128CA919300010EAE /* Build configuration list for PBXNativeTarget "flixsterUITests" */;
			buildPhases = (
				83653958D335CADC42C5534B /* [CP] Check Pods Manifest.lock */,
				C87134AD28CA919300010EAE /* Sources */,
				C87134AE28CA919300010EAE /* Frameworks */,
				C87134AF28CA919300010EAE /* Resources */,
				6DDE633711DABB3A3E44C551 /* [CP] Embed Pods Frameworks */,
			);
			buildRules = (
			);
			dependencies = (
				C87134B328CA919300010EAE /* PBXTargetDependency */,
			);
			name = flixsterUITests;
			productName = flixsterUITests;
			productReference = C87134B128CA919300010EAE /* flixsterUITests.xctest */;
			productType = "com.apple.product-type.bundle.ui-testing";
		};
/* End PBXNativeTarget section */

/* Begin PBXProject section */
		C871348928CA917D00010EAE /* Project object */ = {
			isa = PBXProject;
			attributes = {
				BuildIndependentTargetsInParallel = 1;
				LastSwiftUpdateCheck = 1340;
				LastUpgradeCheck = 1340;
				TargetAttributes = {
					C871349028CA917D00010EAE = {
						CreatedOnToolsVersion = 13.4.1;
					};
					C87134A628CA919300010EAE = {
						CreatedOnToolsVersion = 13.4.1;
						TestTargetID = C871349028CA917D00010EAE;
					};
					C87134B028CA919300010EAE = {
						CreatedOnToolsVersion = 13.4.1;
						TestTargetID = C871349028CA917D00010EAE;
					};
				};
			};
			buildConfigurationList = C871348C28CA917D00010EAE /* Build configuration list for PBXProject "flixster" */;
			compatibilityVersion = "Xcode 13.0";
			developmentRegion = en;
			hasScannedForEncodings = 0;
			knownRegions = (
				en,
				Base,
			);
			mainGroup = C871348828CA917D00010EAE;
			packageReferences = (
				C88E17A528D01B1300268AD2 /* XCRemoteSwiftPackageReference "AlamofireImage" */,
			);
			productRefGroup = C871349228CA917D00010EAE /* Products */;
			projectDirPath = "";
			projectRoot = "";
			targets = (
				C871349028CA917D00010EAE /* flixster */,
				C87134A628CA919300010EAE /* flixsterTests */,
				C87134B028CA919300010EAE /* flixsterUITests */,
			);
		};
/* End PBXProject section */

/* Begin PBXResourcesBuildPhase section */
		C871348F28CA917D00010EAE /* Resources */ = {
			isa = PBXResourcesBuildPhase;
			buildActionMask = 2147483647;
			files = (
				C87134A128CA919200010EAE /* LaunchScreen.storyboard in Resources */,
				C871349E28CA919200010EAE /* Assets.xcassets in Resources */,
				C871349C28CA917D00010EAE /* Main.storyboard in Resources */,
			);
			runOnlyForDeploymentPostprocessing = 0;
		};
		C87134A528CA919300010EAE /* Resources */ = {
			isa = PBXResourcesBuildPhase;
			buildActionMask = 2147483647;
			files = (
			);
			runOnlyForDeploymentPostprocessing = 0;
		};
		C87134AF28CA919300010EAE /* Resources */ = {
			isa = PBXResourcesBuildPhase;
			buildActionMask = 2147483647;
			files = (
			);
			runOnlyForDeploymentPostprocessing = 0;
		};
/* End PBXResourcesBuildPhase section */

/* Begin PBXShellScriptBuildPhase section */
		6DDE633711DABB3A3E44C551 /* [CP] Embed Pods Frameworks */ = {
			isa = PBXShellScriptBuildPhase;
			buildActionMask = 2147483647;
			files = (
			);
			inputFileListPaths = (
				"${PODS_ROOT}/Target Support Files/Pods-flixster-flixsterUITests/Pods-flixster-flixsterUITests-frameworks-${CONFIGURATION}-input-files.xcfilelist",
			);
			name = "[CP] Embed Pods Frameworks";
			outputFileListPaths = (
				"${PODS_ROOT}/Target Support Files/Pods-flixster-flixsterUITests/Pods-flixster-flixsterUITests-frameworks-${CONFIGURATION}-output-files.xcfilelist",
			);
			runOnlyForDeploymentPostprocessing = 0;
			shellPath = /bin/sh;
			shellScript = "\"${PODS_ROOT}/Target Support Files/Pods-flixster-flixsterUITests/Pods-flixster-flixsterUITests-frameworks.sh\"\n";
			showEnvVarsInLog = 0;
		};
		7ADBE992AF4D3B05BEDBB267 /* [CP] Embed Pods Frameworks */ = {
			isa = PBXShellScriptBuildPhase;
			buildActionMask = 2147483647;
			files = (
			);
			inputFileListPaths = (
				"${PODS_ROOT}/Target Support Files/Pods-flixster/Pods-flixster-frameworks-${CONFIGURATION}-input-files.xcfilelist",
			);
			name = "[CP] Embed Pods Frameworks";
			outputFileListPaths = (
				"${PODS_ROOT}/Target Support Files/Pods-flixster/Pods-flixster-frameworks-${CONFIGURATION}-output-files.xcfilelist",
			);
			runOnlyForDeploymentPostprocessing = 0;
			shellPath = /bin/sh;
			shellScript = "\"${PODS_ROOT}/Target Support Files/Pods-flixster/Pods-flixster-frameworks.sh\"\n";
			showEnvVarsInLog = 0;
		};
		7E2A5B5C32EB5AC8603E5ADB /* [CP] Check Pods Manifest.lock */ = {
			isa = PBXShellScriptBuildPhase;
			buildActionMask = 2147483647;
			files = (
			);
			inputFileListPaths = (
			);
			inputPaths = (
				"${PODS_PODFILE_DIR_PATH}/Podfile.lock",
				"${PODS_ROOT}/Manifest.lock",
			);
			name = "[CP] Check Pods Manifest.lock";
			outputFileListPaths = (
			);
			outputPaths = (
				"$(DERIVED_FILE_DIR)/Pods-flixsterTests-checkManifestLockResult.txt",
			);
			runOnlyForDeploymentPostprocessing = 0;
			shellPath = /bin/sh;
			shellScript = "diff \"${PODS_PODFILE_DIR_PATH}/Podfile.lock\" \"${PODS_ROOT}/Manifest.lock\" > /dev/null\nif [ $? != 0 ] ; then\n    # print error to STDERR\n    echo \"error: The sandbox is not in sync with the Podfile.lock. Run 'pod install' or update your CocoaPods installation.\" >&2\n    exit 1\nfi\n# This output is used by Xcode 'outputs' to avoid re-running this script phase.\necho \"SUCCESS\" > \"${SCRIPT_OUTPUT_FILE_0}\"\n";
			showEnvVarsInLog = 0;
		};
		83653958D335CADC42C5534B /* [CP] Check Pods Manifest.lock */ = {
			isa = PBXShellScriptBuildPhase;
			buildActionMask = 2147483647;
			files = (
			);
			inputFileListPaths = (
			);
			inputPaths = (
				"${PODS_PODFILE_DIR_PATH}/Podfile.lock",
				"${PODS_ROOT}/Manifest.lock",
			);
			name = "[CP] Check Pods Manifest.lock";
			outputFileListPaths = (
			);
			outputPaths = (
				"$(DERIVED_FILE_DIR)/Pods-flixster-flixsterUITests-checkManifestLockResult.txt",
			);
			runOnlyForDeploymentPostprocessing = 0;
			shellPath = /bin/sh;
			shellScript = "diff \"${PODS_PODFILE_DIR_PATH}/Podfile.lock\" \"${PODS_ROOT}/Manifest.lock\" > /dev/null\nif [ $? != 0 ] ; then\n    # print error to STDERR\n    echo \"error: The sandbox is not in sync with the Podfile.lock. Run 'pod install' or update your CocoaPods installation.\" >&2\n    exit 1\nfi\n# This output is used by Xcode 'outputs' to avoid re-running this script phase.\necho \"SUCCESS\" > \"${SCRIPT_OUTPUT_FILE_0}\"\n";
			showEnvVarsInLog = 0;
		};
		8DBC57476D9783F2FBF09E36 /* [CP] Check Pods Manifest.lock */ = {
			isa = PBXShellScriptBuildPhase;
			buildActionMask = 2147483647;
			files = (
			);
			inputFileListPaths = (
			);
			inputPaths = (
				"${PODS_PODFILE_DIR_PATH}/Podfile.lock",
				"${PODS_ROOT}/Manifest.lock",
			);
			name = "[CP] Check Pods Manifest.lock";
			outputFileListPaths = (
			);
			outputPaths = (
				"$(DERIVED_FILE_DIR)/Pods-flixster-checkManifestLockResult.txt",
			);
			runOnlyForDeploymentPostprocessing = 0;
			shellPath = /bin/sh;
			shellScript = "diff \"${PODS_PODFILE_DIR_PATH}/Podfile.lock\" \"${PODS_ROOT}/Manifest.lock\" > /dev/null\nif [ $? != 0 ] ; then\n    # print error to STDERR\n    echo \"error: The sandbox is not in sync with the Podfile.lock. Run 'pod install' or update your CocoaPods installation.\" >&2\n    exit 1\nfi\n# This output is used by Xcode 'outputs' to avoid re-running this script phase.\necho \"SUCCESS\" > \"${SCRIPT_OUTPUT_FILE_0}\"\n";
			showEnvVarsInLog = 0;
		};
/* End PBXShellScriptBuildPhase section */

/* Begin PBXSourcesBuildPhase section */
		C871348D28CA917D00010EAE /* Sources */ = {
			isa = PBXSourcesBuildPhase;
			buildActionMask = 2147483647;
			files = (
				C8165E8E28D8CBBE008763B0 /* MovieDetailsViewController.swift in Sources */,
				C871349928CA917D00010EAE /* MoviesViewController.swift in Sources */,
				C871349528CA917D00010EAE /* AppDelegate.swift in Sources */,
				C82E156E28CFD08600BB186D /* MovieCell.swift in Sources */,
				C871349728CA917D00010EAE /* SceneDelegate.swift in Sources */,
				C8D9D7EE28DA7B2300004152 /* MovieGridViewController.swift in Sources */,
				C8D9D7F028DA9C9000004152 /* MovieGridCell.swift in Sources */,
			);
			runOnlyForDeploymentPostprocessing = 0;
		};
		C87134A328CA919300010EAE /* Sources */ = {
			isa = PBXSourcesBuildPhase;
			buildActionMask = 2147483647;
			files = (
				C87134AC28CA919300010EAE /* flixsterTests.swift in Sources */,
			);
			runOnlyForDeploymentPostprocessing = 0;
		};
		C87134AD28CA919300010EAE /* Sources */ = {
			isa = PBXSourcesBuildPhase;
			buildActionMask = 2147483647;
			files = (
				C87134B828CA919300010EAE /* flixsterUITestsLaunchTests.swift in Sources */,
				C87134B628CA919300010EAE /* flixsterUITests.swift in Sources */,
			);
			runOnlyForDeploymentPostprocessing = 0;
		};
/* End PBXSourcesBuildPhase section */

/* Begin PBXTargetDependency section */
		C87134A928CA919300010EAE /* PBXTargetDependency */ = {
			isa = PBXTargetDependency;
			target = C871349028CA917D00010EAE /* flixster */;
			targetProxy = C87134A828CA919300010EAE /* PBXContainerItemProxy */;
		};
		C87134B328CA919300010EAE /* PBXTargetDependency */ = {
			isa = PBXTargetDependency;
			target = C871349028CA917D00010EAE /* flixster */;
			targetProxy = C87134B228CA919300010EAE /* PBXContainerItemProxy */;
		};
/* End PBXTargetDependency section */

/* Begin PBXVariantGroup section */
		C871349A28CA917D00010EAE /* Main.storyboard */ = {
			isa = PBXVariantGroup;
			children = (
				C871349B28CA917D00010EAE /* Base */,
			);
			name = Main.storyboard;
			sourceTree = "<group>";
		};
		C871349F28CA919200010EAE /* LaunchScreen.storyboard */ = {
			isa = PBXVariantGroup;
			children = (
				C87134A028CA919200010EAE /* Base */,
			);
			name = LaunchScreen.storyboard;
			sourceTree = "<group>";
		};
/* End PBXVariantGroup section */

/* Begin XCBuildConfiguration section */
		C87134B928CA919300010EAE /* Debug */ = {
			isa = XCBuildConfiguration;
			buildSettings = {
				ALWAYS_SEARCH_USER_PATHS = NO;
				CLANG_ANALYZER_NONNULL = YES;
				CLANG_ANALYZER_NUMBER_OBJECT_CONVERSION = YES_AGGRESSIVE;
				CLANG_CXX_LANGUAGE_STANDARD = "gnu++17";
				CLANG_ENABLE_MODULES = YES;
				CLANG_ENABLE_OBJC_ARC = YES;
				CLANG_ENABLE_OBJC_WEAK = YES;
				CLANG_WARN_BLOCK_CAPTURE_AUTORELEASING = YES;
				CLANG_WARN_BOOL_CONVERSION = YES;
				CLANG_WARN_COMMA = YES;
				CLANG_WARN_CONSTANT_CONVERSION = YES;
				CLANG_WARN_DEPRECATED_OBJC_IMPLEMENTATIONS = YES;
				CLANG_WARN_DIRECT_OBJC_ISA_USAGE = YES_ERROR;
				CLANG_WARN_DOCUMENTATION_COMMENTS = YES;
				CLANG_WARN_EMPTY_BODY = YES;
				CLANG_WARN_ENUM_CONVERSION = YES;
				CLANG_WARN_INFINITE_RECURSION = YES;
				CLANG_WARN_INT_CONVERSION = YES;
				CLANG_WARN_NON_LITERAL_NULL_CONVERSION = YES;
				CLANG_WARN_OBJC_IMPLICIT_RETAIN_SELF = YES;
				CLANG_WARN_OBJC_LITERAL_CONVERSION = YES;
				CLANG_WARN_OBJC_ROOT_CLASS = YES_ERROR;
				CLANG_WARN_QUOTED_INCLUDE_IN_FRAMEWORK_HEADER = YES;
				CLANG_WARN_RANGE_LOOP_ANALYSIS = YES;
				CLANG_WARN_STRICT_PROTOTYPES = YES;
				CLANG_WARN_SUSPICIOUS_MOVE = YES;
				CLANG_WARN_UNGUARDED_AVAILABILITY = YES_AGGRESSIVE;
				CLANG_WARN_UNREACHABLE_CODE = YES;
				CLANG_WARN__DUPLICATE_METHOD_MATCH = YES;
				COPY_PHASE_STRIP = NO;
				DEBUG_INFORMATION_FORMAT = dwarf;
				ENABLE_STRICT_OBJC_MSGSEND = YES;
				ENABLE_TESTABILITY = YES;
				GCC_C_LANGUAGE_STANDARD = gnu11;
				GCC_DYNAMIC_NO_PIC = NO;
				GCC_NO_COMMON_BLOCKS = YES;
				GCC_OPTIMIZATION_LEVEL = 0;
				GCC_PREPROCESSOR_DEFINITIONS = (
					"DEBUG=1",
					"$(inherited)",
				);
				GCC_WARN_64_TO_32_BIT_CONVERSION = YES;
				GCC_WARN_ABOUT_RETURN_TYPE = YES_ERROR;
				GCC_WARN_UNDECLARED_SELECTOR = YES;
				GCC_WARN_UNINITIALIZED_AUTOS = YES_AGGRESSIVE;
				GCC_WARN_UNUSED_FUNCTION = YES;
				GCC_WARN_UNUSED_VARIABLE = YES;
				IPHONEOS_DEPLOYMENT_TARGET = 15.5;
				MTL_ENABLE_DEBUG_INFO = INCLUDE_SOURCE;
				MTL_FAST_MATH = YES;
				ONLY_ACTIVE_ARCH = YES;
				SDKROOT = iphoneos;
				SWIFT_ACTIVE_COMPILATION_CONDITIONS = DEBUG;
				SWIFT_OPTIMIZATION_LEVEL = "-Onone";
			};
			name = Debug;
		};
		C87134BA28CA919300010EAE /* Release */ = {
			isa = XCBuildConfiguration;
			buildSettings = {
				ALWAYS_SEARCH_USER_PATHS = NO;
				CLANG_ANALYZER_NONNULL = YES;
				CLANG_ANALYZER_NUMBER_OBJECT_CONVERSION = YES_AGGRESSIVE;
				CLANG_CXX_LANGUAGE_STANDARD = "gnu++17";
				CLANG_ENABLE_MODULES = YES;
				CLANG_ENABLE_OBJC_ARC = YES;
				CLANG_ENABLE_OBJC_WEAK = YES;
				CLANG_WARN_BLOCK_CAPTURE_AUTORELEASING = YES;
				CLANG_WARN_BOOL_CONVERSION = YES;
				CLANG_WARN_COMMA = YES;
				CLANG_WARN_CONSTANT_CONVERSION = YES;
				CLANG_WARN_DEPRECATED_OBJC_IMPLEMENTATIONS = YES;
				CLANG_WARN_DIRECT_OBJC_ISA_USAGE = YES_ERROR;
				CLANG_WARN_DOCUMENTATION_COMMENTS = YES;
				CLANG_WARN_EMPTY_BODY = YES;
				CLANG_WARN_ENUM_CONVERSION = YES;
				CLANG_WARN_INFINITE_RECURSION = YES;
				CLANG_WARN_INT_CONVERSION = YES;
				CLANG_WARN_NON_LITERAL_NULL_CONVERSION = YES;
				CLANG_WARN_OBJC_IMPLICIT_RETAIN_SELF = YES;
				CLANG_WARN_OBJC_LITERAL_CONVERSION = YES;
				CLANG_WARN_OBJC_ROOT_CLASS = YES_ERROR;
				CLANG_WARN_QUOTED_INCLUDE_IN_FRAMEWORK_HEADER = YES;
				CLANG_WARN_RANGE_LOOP_ANALYSIS = YES;
				CLANG_WARN_STRICT_PROTOTYPES = YES;
				CLANG_WARN_SUSPICIOUS_MOVE = YES;
				CLANG_WARN_UNGUARDED_AVAILABILITY = YES_AGGRESSIVE;
				CLANG_WARN_UNREACHABLE_CODE = YES;
				CLANG_WARN__DUPLICATE_METHOD_MATCH = YES;
				COPY_PHASE_STRIP = NO;
				DEBUG_INFORMATION_FORMAT = "dwarf-with-dsym";
				ENABLE_NS_ASSERTIONS = NO;
				ENABLE_STRICT_OBJC_MSGSEND = YES;
				GCC_C_LANGUAGE_STANDARD = gnu11;
				GCC_NO_COMMON_BLOCKS = YES;
				GCC_WARN_64_TO_32_BIT_CONVERSION = YES;
				GCC_WARN_ABOUT_RETURN_TYPE = YES_ERROR;
				GCC_WARN_UNDECLARED_SELECTOR = YES;
				GCC_WARN_UNINITIALIZED_AUTOS = YES_AGGRESSIVE;
				GCC_WARN_UNUSED_FUNCTION = YES;
				GCC_WARN_UNUSED_VARIABLE = YES;
				IPHONEOS_DEPLOYMENT_TARGET = 15.5;
				MTL_ENABLE_DEBUG_INFO = NO;
				MTL_FAST_MATH = YES;
				SDKROOT = iphoneos;
				SWIFT_COMPILATION_MODE = wholemodule;
				SWIFT_OPTIMIZATION_LEVEL = "-O";
				VALIDATE_PRODUCT = YES;
			};
			name = Release;
		};
		C87134BC28CA919300010EAE /* Debug */ = {
			isa = XCBuildConfiguration;
			baseConfigurationReference = 8253A9A2F6DFFEE7CB33F2DE /* Pods-flixster.debug.xcconfig */;
			buildSettings = {
				ASSETCATALOG_COMPILER_APPICON_NAME = AppIcon;
				ASSETCATALOG_COMPILER_GLOBAL_ACCENT_COLOR_NAME = AccentColor;
				CODE_SIGN_STYLE = Automatic;
				CURRENT_PROJECT_VERSION = 1;
				DEVELOPMENT_TEAM = D7H8JCDZ95;
				GENERATE_INFOPLIST_FILE = YES;
				INFOPLIST_FILE = flixster/Info.plist;
				INFOPLIST_KEY_UIApplicationSupportsIndirectInputEvents = YES;
				INFOPLIST_KEY_UILaunchStoryboardName = LaunchScreen;
				INFOPLIST_KEY_UIMainStoryboardFile = Main;
				INFOPLIST_KEY_UISupportedInterfaceOrientations = "UIInterfaceOrientationLandscapeLeft UIInterfaceOrientationLandscapeRight UIInterfaceOrientationPortrait";
				INFOPLIST_KEY_UISupportedInterfaceOrientations_iPad = "UIInterfaceOrientationLandscapeLeft UIInterfaceOrientationLandscapeRight UIInterfaceOrientationPortrait UIInterfaceOrientationPortraitUpsideDown";
				LD_RUNPATH_SEARCH_PATHS = (
					"$(inherited)",
					"@executable_path/Frameworks",
				);
				MARKETING_VERSION = 1.0;
				PRODUCT_BUNDLE_IDENTIFIER = com.lucasjbenda.flixster;
				PRODUCT_NAME = "$(TARGET_NAME)";
				SUPPORTED_PLATFORMS = "iphoneos iphonesimulator";
				SUPPORTS_MACCATALYST = NO;
				SUPPORTS_MAC_DESIGNED_FOR_IPHONE_IPAD = NO;
				SWIFT_EMIT_LOC_STRINGS = YES;
				SWIFT_VERSION = 5.0;
				TARGETED_DEVICE_FAMILY = 1;
			};
			name = Debug;
		};
		C87134BD28CA919300010EAE /* Release */ = {
			isa = XCBuildConfiguration;
			baseConfigurationReference = 184FD366C55997B3E1E61408 /* Pods-flixster.release.xcconfig */;
			buildSettings = {
				ASSETCATALOG_COMPILER_APPICON_NAME = AppIcon;
				ASSETCATALOG_COMPILER_GLOBAL_ACCENT_COLOR_NAME = AccentColor;
				CODE_SIGN_STYLE = Automatic;
				CURRENT_PROJECT_VERSION = 1;
				DEVELOPMENT_TEAM = D7H8JCDZ95;
				GENERATE_INFOPLIST_FILE = YES;
				INFOPLIST_FILE = flixster/Info.plist;
				INFOPLIST_KEY_UIApplicationSupportsIndirectInputEvents = YES;
				INFOPLIST_KEY_UILaunchStoryboardName = LaunchScreen;
				INFOPLIST_KEY_UIMainStoryboardFile = Main;
				INFOPLIST_KEY_UISupportedInterfaceOrientations = "UIInterfaceOrientationLandscapeLeft UIInterfaceOrientationLandscapeRight UIInterfaceOrientationPortrait";
				INFOPLIST_KEY_UISupportedInterfaceOrientations_iPad = "UIInterfaceOrientationLandscapeLeft UIInterfaceOrientationLandscapeRight UIInterfaceOrientationPortrait UIInterfaceOrientationPortraitUpsideDown";
				LD_RUNPATH_SEARCH_PATHS = (
					"$(inherited)",
					"@executable_path/Frameworks",
				);
				MARKETING_VERSION = 1.0;
				PRODUCT_BUNDLE_IDENTIFIER = com.lucasjbenda.flixster;
				PRODUCT_NAME = "$(TARGET_NAME)";
				SUPPORTED_PLATFORMS = "iphoneos iphonesimulator";
				SUPPORTS_MACCATALYST = NO;
				SUPPORTS_MAC_DESIGNED_FOR_IPHONE_IPAD = NO;
				SWIFT_EMIT_LOC_STRINGS = YES;
				SWIFT_VERSION = 5.0;
				TARGETED_DEVICE_FAMILY = 1;
			};
			name = Release;
		};
		C87134BF28CA919300010EAE /* Debug */ = {
			isa = XCBuildConfiguration;
			baseConfigurationReference = A1EE1CAF3AA7BA9C229AA3DC /* Pods-flixsterTests.debug.xcconfig */;
			buildSettings = {
				ALWAYS_EMBED_SWIFT_STANDARD_LIBRARIES = YES;
				BUNDLE_LOADER = "$(TEST_HOST)";
				CODE_SIGN_STYLE = Automatic;
				CURRENT_PROJECT_VERSION = 1;
				DEVELOPMENT_TEAM = D7H8JCDZ95;
				GENERATE_INFOPLIST_FILE = YES;
				IPHONEOS_DEPLOYMENT_TARGET = 15.5;
				MARKETING_VERSION = 1.0;
				PRODUCT_BUNDLE_IDENTIFIER = com.lucasjbenda.flixsterTests;
				PRODUCT_NAME = "$(TARGET_NAME)";
				SWIFT_EMIT_LOC_STRINGS = NO;
				SWIFT_VERSION = 5.0;
				TARGETED_DEVICE_FAMILY = "1,2";
				TEST_HOST = "$(BUILT_PRODUCTS_DIR)/flixster.app/flixster";
			};
			name = Debug;
		};
		C87134C028CA919300010EAE /* Release */ = {
			isa = XCBuildConfiguration;
			baseConfigurationReference = 91792B7310C027AF761D30A2 /* Pods-flixsterTests.release.xcconfig */;
			buildSettings = {
				ALWAYS_EMBED_SWIFT_STANDARD_LIBRARIES = YES;
				BUNDLE_LOADER = "$(TEST_HOST)";
				CODE_SIGN_STYLE = Automatic;
				CURRENT_PROJECT_VERSION = 1;
				DEVELOPMENT_TEAM = D7H8JCDZ95;
				GENERATE_INFOPLIST_FILE = YES;
				IPHONEOS_DEPLOYMENT_TARGET = 15.5;
				MARKETING_VERSION = 1.0;
				PRODUCT_BUNDLE_IDENTIFIER = com.lucasjbenda.flixsterTests;
				PRODUCT_NAME = "$(TARGET_NAME)";
				SWIFT_EMIT_LOC_STRINGS = NO;
				SWIFT_VERSION = 5.0;
				TARGETED_DEVICE_FAMILY = "1,2";
				TEST_HOST = "$(BUILT_PRODUCTS_DIR)/flixster.app/flixster";
			};
			name = Release;
		};
		C87134C228CA919300010EAE /* Debug */ = {
			isa = XCBuildConfiguration;
			baseConfigurationReference = EF65DD514653AC84AB7E305B /* Pods-flixster-flixsterUITests.debug.xcconfig */;
			buildSettings = {
				ALWAYS_EMBED_SWIFT_STANDARD_LIBRARIES = YES;
				CODE_SIGN_STYLE = Automatic;
				CURRENT_PROJECT_VERSION = 1;
				DEVELOPMENT_TEAM = D7H8JCDZ95;
				GENERATE_INFOPLIST_FILE = YES;
				MARKETING_VERSION = 1.0;
				PRODUCT_BUNDLE_IDENTIFIER = com.lucasjbenda.flixsterUITests;
				PRODUCT_NAME = "$(TARGET_NAME)";
				SWIFT_EMIT_LOC_STRINGS = NO;
				SWIFT_VERSION = 5.0;
				TARGETED_DEVICE_FAMILY = "1,2";
				TEST_TARGET_NAME = flixster;
			};
			name = Debug;
		};
		C87134C328CA919300010EAE /* Release */ = {
			isa = XCBuildConfiguration;
			baseConfigurationReference = 88FF1168D9CF7755A428335D /* Pods-flixster-flixsterUITests.release.xcconfig */;
			buildSettings = {
				ALWAYS_EMBED_SWIFT_STANDARD_LIBRARIES = YES;
				CODE_SIGN_STYLE = Automatic;
				CURRENT_PROJECT_VERSION = 1;
				DEVELOPMENT_TEAM = D7H8JCDZ95;
				GENERATE_INFOPLIST_FILE = YES;
				MARKETING_VERSION = 1.0;
				PRODUCT_BUNDLE_IDENTIFIER = com.lucasjbenda.flixsterUITests;
				PRODUCT_NAME = "$(TARGET_NAME)";
				SWIFT_EMIT_LOC_STRINGS = NO;
				SWIFT_VERSION = 5.0;
				TARGETED_DEVICE_FAMILY = "1,2";
				TEST_TARGET_NAME = flixster;
			};
			name = Release;
		};
/* End XCBuildConfiguration section */

/* Begin XCConfigurationList section */
		C871348C28CA917D00010EAE /* Build configuration list for PBXProject "flixster" */ = {
			isa = XCConfigurationList;
			buildConfigurations = (
				C87134B928CA919300010EAE /* Debug */,
				C87134BA28CA919300010EAE /* Release */,
			);
			defaultConfigurationIsVisible = 0;
			defaultConfigurationName = Release;
		};
		C87134BB28CA919300010EAE /* Build configuration list for PBXNativeTarget "flixster" */ = {
			isa = XCConfigurationList;
			buildConfigurations = (
				C87134BC28CA919300010EAE /* Debug */,
				C87134BD28CA919300010EAE /* Release */,
			);
			defaultConfigurationIsVisible = 0;
			defaultConfigurationName = Release;
		};
		C87134BE28CA919300010EAE /* Build configuration list for PBXNativeTarget "flixsterTests" */ = {
			isa = XCConfigurationList;
			buildConfigurations = (
				C87134BF28CA919300010EAE /* Debug */,
				C87134C028CA919300010EAE /* Release */,
			);
			defaultConfigurationIsVisible = 0;
			defaultConfigurationName = Release;
		};
		C87134C128CA919300010EAE /* Build configuration list for PBXNativeTarget "flixsterUITests" */ = {
			isa = XCConfigurationList;
			buildConfigurations = (
				C87134C228CA919300010EAE /* Debug */,
				C87134C328CA919300010EAE /* Release */,
			);
			defaultConfigurationIsVisible = 0;
			defaultConfigurationName = Release;
		};
/* End XCConfigurationList section */

/* Begin XCRemoteSwiftPackageReference section */
		C88E17A528D01B1300268AD2 /* XCRemoteSwiftPackageReference "AlamofireImage" */ = {
			isa = XCRemoteSwiftPackageReference;
			repositoryURL = "https://github.com/Alamofire/AlamofireImage";
			requirement = {
				kind = upToNextMajorVersion;
				minimumVersion = 4.0.0;
			};
		};
/* End XCRemoteSwiftPackageReference section */

/* Begin XCSwiftPackageProductDependency section */
		C88E17A628D01B1300268AD2 /* AlamofireImage */ = {
			isa = XCSwiftPackageProductDependency;
			package = C88E17A528D01B1300268AD2 /* XCRemoteSwiftPackageReference "AlamofireImage" */;
			productName = AlamofireImage;
		};
/* End XCSwiftPackageProductDependency section */
	};
	rootObject = C871348928CA917D00010EAE /* Project object */;
}
