// !$*UTF8*$!
{
	archiveVersion = 1;
	classes = {
	};
	objectVersion = 55;
	objects = {

/* Begin PBXBuildFile section */
		C82D9FEF28C839630045A36F /* AppDelegate.swift in Sources */ = {isa = PBXBuildFile; fileRef = C82D9FEE28C839630045A36F /* AppDelegate.swift */; };
		C82D9FF128C839630045A36F /* SceneDelegate.swift in Sources */ = {isa = PBXBuildFile; fileRef = C82D9FF028C839630045A36F /* SceneDelegate.swift */; };
		C82D9FF328C839630045A36F /* ViewController.swift in Sources */ = {isa = PBXBuildFile; fileRef = C82D9FF228C839630045A36F /* ViewController.swift */; };
		C82D9FF628C839630045A36F /* Main.storyboard in Resources */ = {isa = PBXBuildFile; fileRef = C82D9FF428C839630045A36F /* Main.storyboard */; };
		C82D9FF828C8396C0045A36F /* Assets.xcassets in Resources */ = {isa = PBXBuildFile; fileRef = C82D9FF728C8396C0045A36F /* Assets.xcassets */; };
		C82D9FFB28C8396C0045A36F /* LaunchScreen.storyboard in Resources */ = {isa = PBXBuildFile; fileRef = C82D9FF928C8396C0045A36F /* LaunchScreen.storyboard */; };
		C82DA00628C8396E0045A36F /* flixsterTests.swift in Sources */ = {isa = PBXBuildFile; fileRef = C82DA00528C8396E0045A36F /* flixsterTests.swift */; };
		C82DA01028C8396E0045A36F /* flixsterUITests.swift in Sources */ = {isa = PBXBuildFile; fileRef = C82DA00F28C8396E0045A36F /* flixsterUITests.swift */; };
		C82DA01228C8396F0045A36F /* flixsterUITestsLaunchTests.swift in Sources */ = {isa = PBXBuildFile; fileRef = C82DA01128C8396F0045A36F /* flixsterUITestsLaunchTests.swift */; };
/* End PBXBuildFile section */

/* Begin PBXContainerItemProxy section */
		C82DA00228C8396E0045A36F /* PBXContainerItemProxy */ = {
			isa = PBXContainerItemProxy;
			containerPortal = C82D9FE328C839630045A36F /* Project object */;
			proxyType = 1;
			remoteGlobalIDString = C82D9FEA28C839630045A36F;
			remoteInfo = flixster;
		};
		C82DA00C28C8396E0045A36F /* PBXContainerItemProxy */ = {
			isa = PBXContainerItemProxy;
			containerPortal = C82D9FE328C839630045A36F /* Project object */;
			proxyType = 1;
			remoteGlobalIDString = C82D9FEA28C839630045A36F;
			remoteInfo = flixster;
		};
/* End PBXContainerItemProxy section */

/* Begin PBXFileReference section */
		C82D9FEB28C839630045A36F /* flixster.app */ = {isa = PBXFileReference; explicitFileType = wrapper.application; includeInIndex = 0; path = flixster.app; sourceTree = BUILT_PRODUCTS_DIR; };
		C82D9FEE28C839630045A36F /* AppDelegate.swift */ = {isa = PBXFileReference; lastKnownFileType = sourcecode.swift; path = AppDelegate.swift; sourceTree = "<group>"; };
		C82D9FF028C839630045A36F /* SceneDelegate.swift */ = {isa = PBXFileReference; lastKnownFileType = sourcecode.swift; path = SceneDelegate.swift; sourceTree = "<group>"; };
		C82D9FF228C839630045A36F /* ViewController.swift */ = {isa = PBXFileReference; lastKnownFileType = sourcecode.swift; path = ViewController.swift; sourceTree = "<group>"; };
		C82D9FF528C839630045A36F /* Base */ = {isa = PBXFileReference; lastKnownFileType = file.storyboard; name = Base; path = Base.lproj/Main.storyboard; sourceTree = "<group>"; };
		C82D9FF728C8396C0045A36F /* Assets.xcassets */ = {isa = PBXFileReference; lastKnownFileType = folder.assetcatalog; path = Assets.xcassets; sourceTree = "<group>"; };
		C82D9FFA28C8396C0045A36F /* Base */ = {isa = PBXFileReference; lastKnownFileType = file.storyboard; name = Base; path = Base.lproj/LaunchScreen.storyboard; sourceTree = "<group>"; };
		C82D9FFC28C8396C0045A36F /* Info.plist */ = {isa = PBXFileReference; lastKnownFileType = text.plist.xml; path = Info.plist; sourceTree = "<group>"; };
		C82DA00128C8396E0045A36F /* flixsterTests.xctest */ = {isa = PBXFileReference; explicitFileType = wrapper.cfbundle; includeInIndex = 0; path = flixsterTests.xctest; sourceTree = BUILT_PRODUCTS_DIR; };
		C82DA00528C8396E0045A36F /* flixsterTests.swift */ = {isa = PBXFileReference; lastKnownFileType = sourcecode.swift; path = flixsterTests.swift; sourceTree = "<group>"; };
		C82DA00B28C8396E0045A36F /* flixsterUITests.xctest */ = {isa = PBXFileReference; explicitFileType = wrapper.cfbundle; includeInIndex = 0; path = flixsterUITests.xctest; sourceTree = BUILT_PRODUCTS_DIR; };
		C82DA00F28C8396E0045A36F /* flixsterUITests.swift */ = {isa = PBXFileReference; lastKnownFileType = sourcecode.swift; path = flixsterUITests.swift; sourceTree = "<group>"; };
		C82DA01128C8396F0045A36F /* flixsterUITestsLaunchTests.swift */ = {isa = PBXFileReference; lastKnownFileType = sourcecode.swift; path = flixsterUITestsLaunchTests.swift; sourceTree = "<group>"; };
/* End PBXFileReference section */

/* Begin PBXFrameworksBuildPhase section */
		C82D9FE828C839630045A36F /* Frameworks */ = {
			isa = PBXFrameworksBuildPhase;
			buildActionMask = 2147483647;
			files = (
			);
			runOnlyForDeploymentPostprocessing = 0;
		};
		C82D9FFE28C8396E0045A36F /* Frameworks */ = {
			isa = PBXFrameworksBuildPhase;
			buildActionMask = 2147483647;
			files = (
			);
			runOnlyForDeploymentPostprocessing = 0;
		};
		C82DA00828C8396E0045A36F /* Frameworks */ = {
			isa = PBXFrameworksBuildPhase;
			buildActionMask = 2147483647;
			files = (
			);
			runOnlyForDeploymentPostprocessing = 0;
		};
/* End PBXFrameworksBuildPhase section */

/* Begin PBXGroup section */
		C82D9FE228C839630045A36F = {
			isa = PBXGroup;
			children = (
				C82D9FED28C839630045A36F /* flixster */,
				C82DA00428C8396E0045A36F /* flixsterTests */,
				C82DA00E28C8396E0045A36F /* flixsterUITests */,
				C82D9FEC28C839630045A36F /* Products */,
			);
			sourceTree = "<group>";
		};
		C82D9FEC28C839630045A36F /* Products */ = {
			isa = PBXGroup;
			children = (
				C82D9FEB28C839630045A36F /* flixster.app */,
				C82DA00128C8396E0045A36F /* flixsterTests.xctest */,
				C82DA00B28C8396E0045A36F /* flixsterUITests.xctest */,
			);
			name = Products;
			sourceTree = "<group>";
		};
		C82D9FED28C839630045A36F /* flixster */ = {
			isa = PBXGroup;
			children = (
				C82D9FEE28C839630045A36F /* AppDelegate.swift */,
				C82D9FF028C839630045A36F /* SceneDelegate.swift */,
				C82D9FF228C839630045A36F /* ViewController.swift */,
				C82D9FF428C839630045A36F /* Main.storyboard */,
				C82D9FF728C8396C0045A36F /* Assets.xcassets */,
				C82D9FF928C8396C0045A36F /* LaunchScreen.storyboard */,
				C82D9FFC28C8396C0045A36F /* Info.plist */,
			);
			path = flixster;
			sourceTree = "<group>";
		};
		C82DA00428C8396E0045A36F /* flixsterTests */ = {
			isa = PBXGroup;
			children = (
				C82DA00528C8396E0045A36F /* flixsterTests.swift */,
			);
			path = flixsterTests;
			sourceTree = "<group>";
		};
		C82DA00E28C8396E0045A36F /* flixsterUITests */ = {
			isa = PBXGroup;
			children = (
				C82DA00F28C8396E0045A36F /* flixsterUITests.swift */,
				C82DA01128C8396F0045A36F /* flixsterUITestsLaunchTests.swift */,
			);
			path = flixsterUITests;
			sourceTree = "<group>";
		};
/* End PBXGroup section */

/* Begin PBXNativeTarget section */
		C82D9FEA28C839630045A36F /* flixster */ = {
			isa = PBXNativeTarget;
			buildConfigurationList = C82DA01528C8396F0045A36F /* Build configuration list for PBXNativeTarget "flixster" */;
			buildPhases = (
				C82D9FE728C839630045A36F /* Sources */,
				C82D9FE828C839630045A36F /* Frameworks */,
				C82D9FE928C839630045A36F /* Resources */,
			);
			buildRules = (
			);
			dependencies = (
			);
			name = flixster;
			productName = flixster;
			productReference = C82D9FEB28C839630045A36F /* flixster.app */;
			productType = "com.apple.product-type.application";
		};
		C82DA00028C8396E0045A36F /* flixsterTests */ = {
			isa = PBXNativeTarget;
			buildConfigurationList = C82DA01828C8396F0045A36F /* Build configuration list for PBXNativeTarget "flixsterTests" */;
			buildPhases = (
				C82D9FFD28C8396E0045A36F /* Sources */,
				C82D9FFE28C8396E0045A36F /* Frameworks */,
				C82D9FFF28C8396E0045A36F /* Resources */,
			);
			buildRules = (
			);
			dependencies = (
				C82DA00328C8396E0045A36F /* PBXTargetDependency */,
			);
			name = flixsterTests;
			productName = flixsterTests;
			productReference = C82DA00128C8396E0045A36F /* flixsterTests.xctest */;
			productType = "com.apple.product-type.bundle.unit-test";
		};
		C82DA00A28C8396E0045A36F /* flixsterUITests */ = {
			isa = PBXNativeTarget;
			buildConfigurationList = C82DA01B28C8396F0045A36F /* Build configuration list for PBXNativeTarget "flixsterUITests" */;
			buildPhases = (
				C82DA00728C8396E0045A36F /* Sources */,
				C82DA00828C8396E0045A36F /* Frameworks */,
				C82DA00928C8396E0045A36F /* Resources */,
			);
			buildRules = (
			);
			dependencies = (
				C82DA00D28C8396E0045A36F /* PBXTargetDependency */,
			);
			name = flixsterUITests;
			productName = flixsterUITests;
			productReference = C82DA00B28C8396E0045A36F /* flixsterUITests.xctest */;
			productType = "com.apple.product-type.bundle.ui-testing";
		};
/* End PBXNativeTarget section */

/* Begin PBXProject section */
		C82D9FE328C839630045A36F /* Project object */ = {
			isa = PBXProject;
			attributes = {
				BuildIndependentTargetsInParallel = 1;
				LastSwiftUpdateCheck = 1340;
				LastUpgradeCheck = 1340;
				TargetAttributes = {
					C82D9FEA28C839630045A36F = {
						CreatedOnToolsVersion = 13.4.1;
					};
					C82DA00028C8396E0045A36F = {
						CreatedOnToolsVersion = 13.4.1;
						TestTargetID = C82D9FEA28C839630045A36F;
					};
					C82DA00A28C8396E0045A36F = {
						CreatedOnToolsVersion = 13.4.1;
						TestTargetID = C82D9FEA28C839630045A36F;
					};
				};
			};
			buildConfigurationList = C82D9FE628C839630045A36F /* Build configuration list for PBXProject "flixster" */;
			compatibilityVersion = "Xcode 13.0";
			developmentRegion = en;
			hasScannedForEncodings = 0;
			knownRegions = (
				en,
				Base,
			);
			mainGroup = C82D9FE228C839630045A36F;
			productRefGroup = C82D9FEC28C839630045A36F /* Products */;
			projectDirPath = "";
			projectRoot = "";
			targets = (
				C82D9FEA28C839630045A36F /* flixster */,
				C82DA00028C8396E0045A36F /* flixsterTests */,
				C82DA00A28C8396E0045A36F /* flixsterUITests */,
			);
		};
/* End PBXProject section */

/* Begin PBXResourcesBuildPhase section */
		C82D9FE928C839630045A36F /* Resources */ = {
			isa = PBXResourcesBuildPhase;
			buildActionMask = 2147483647;
			files = (
				C82D9FFB28C8396C0045A36F /* LaunchScreen.storyboard in Resources */,
				C82D9FF828C8396C0045A36F /* Assets.xcassets in Resources */,
				C82D9FF628C839630045A36F /* Main.storyboard in Resources */,
			);
			runOnlyForDeploymentPostprocessing = 0;
		};
		C82D9FFF28C8396E0045A36F /* Resources */ = {
			isa = PBXResourcesBuildPhase;
			buildActionMask = 2147483647;
			files = (
			);
			runOnlyForDeploymentPostprocessing = 0;
		};
		C82DA00928C8396E0045A36F /* Resources */ = {
			isa = PBXResourcesBuildPhase;
			buildActionMask = 2147483647;
			files = (
			);
			runOnlyForDeploymentPostprocessing = 0;
		};
/* End PBXResourcesBuildPhase section */

/* Begin PBXSourcesBuildPhase section */
		C82D9FE728C839630045A36F /* Sources */ = {
			isa = PBXSourcesBuildPhase;
			buildActionMask = 2147483647;
			files = (
				C82D9FF328C839630045A36F /* ViewController.swift in Sources */,
				C82D9FEF28C839630045A36F /* AppDelegate.swift in Sources */,
				C82D9FF128C839630045A36F /* SceneDelegate.swift in Sources */,
			);
			runOnlyForDeploymentPostprocessing = 0;
		};
		C82D9FFD28C8396E0045A36F /* Sources */ = {
			isa = PBXSourcesBuildPhase;
			buildActionMask = 2147483647;
			files = (
				C82DA00628C8396E0045A36F /* flixsterTests.swift in Sources */,
			);
			runOnlyForDeploymentPostprocessing = 0;
		};
		C82DA00728C8396E0045A36F /* Sources */ = {
			isa = PBXSourcesBuildPhase;
			buildActionMask = 2147483647;
			files = (
				C82DA01228C8396F0045A36F /* flixsterUITestsLaunchTests.swift in Sources */,
				C82DA01028C8396E0045A36F /* flixsterUITests.swift in Sources */,
			);
			runOnlyForDeploymentPostprocessing = 0;
		};
/* End PBXSourcesBuildPhase section */

/* Begin PBXTargetDependency section */
		C82DA00328C8396E0045A36F /* PBXTargetDependency */ = {
			isa = PBXTargetDependency;
			target = C82D9FEA28C839630045A36F /* flixster */;
			targetProxy = C82DA00228C8396E0045A36F /* PBXContainerItemProxy */;
		};
		C82DA00D28C8396E0045A36F /* PBXTargetDependency */ = {
			isa = PBXTargetDependency;
			target = C82D9FEA28C839630045A36F /* flixster */;
			targetProxy = C82DA00C28C8396E0045A36F /* PBXContainerItemProxy */;
		};
/* End PBXTargetDependency section */

/* Begin PBXVariantGroup section */
		C82D9FF428C839630045A36F /* Main.storyboard */ = {
			isa = PBXVariantGroup;
			children = (
				C82D9FF528C839630045A36F /* Base */,
			);
			name = Main.storyboard;
			sourceTree = "<group>";
		};
		C82D9FF928C8396C0045A36F /* LaunchScreen.storyboard */ = {
			isa = PBXVariantGroup;
			children = (
				C82D9FFA28C8396C0045A36F /* Base */,
			);
			name = LaunchScreen.storyboard;
			sourceTree = "<group>";
		};
/* End PBXVariantGroup section */

/* Begin XCBuildConfiguration section */
		C82DA01328C8396F0045A36F /* Debug */ = {
			isa = XCBuildConfiguration;
			buildSettings = {
				ALWAYS_SEARCH_USER_PATHS = NO;
				CLANG_ANALYZER_NONNULL = YES;
				CLANG_ANALYZER_NUMBER_OBJECT_CONVERSION = YES_AGGRESSIVE;
				CLANG_CXX_LANGUAGE_STANDARD = "gnu++17";
				CLANG_ENABLE_MODULES = YES;
				CLANG_ENABLE_OBJC_ARC = YES;
				CLANG_ENABLE_OBJC_WEAK = YES;
				CLANG_WARN_BLOCK_CAPTURE_AUTORELEASING = YES;
				CLANG_WARN_BOOL_CONVERSION = YES;
				CLANG_WARN_COMMA = YES;
				CLANG_WARN_CONSTANT_CONVERSION = YES;
				CLANG_WARN_DEPRECATED_OBJC_IMPLEMENTATIONS = YES;
				CLANG_WARN_DIRECT_OBJC_ISA_USAGE = YES_ERROR;
				CLANG_WARN_DOCUMENTATION_COMMENTS = YES;
				CLANG_WARN_EMPTY_BODY = YES;
				CLANG_WARN_ENUM_CONVERSION = YES;
				CLANG_WARN_INFINITE_RECURSION = YES;
				CLANG_WARN_INT_CONVERSION = YES;
				CLANG_WARN_NON_LITERAL_NULL_CONVERSION = YES;
				CLANG_WARN_OBJC_IMPLICIT_RETAIN_SELF = YES;
				CLANG_WARN_OBJC_LITERAL_CONVERSION = YES;
				CLANG_WARN_OBJC_ROOT_CLASS = YES_ERROR;
				CLANG_WARN_QUOTED_INCLUDE_IN_FRAMEWORK_HEADER = YES;
				CLANG_WARN_RANGE_LOOP_ANALYSIS = YES;
				CLANG_WARN_STRICT_PROTOTYPES = YES;
				CLANG_WARN_SUSPICIOUS_MOVE = YES;
				CLANG_WARN_UNGUARDED_AVAILABILITY = YES_AGGRESSIVE;
				CLANG_WARN_UNREACHABLE_CODE = YES;
				CLANG_WARN__DUPLICATE_METHOD_MATCH = YES;
				COPY_PHASE_STRIP = NO;
				DEBUG_INFORMATION_FORMAT = dwarf;
				ENABLE_STRICT_OBJC_MSGSEND = YES;
				ENABLE_TESTABILITY = YES;
				GCC_C_LANGUAGE_STANDARD = gnu11;
				GCC_DYNAMIC_NO_PIC = NO;
				GCC_NO_COMMON_BLOCKS = YES;
				GCC_OPTIMIZATION_LEVEL = 0;
				GCC_PREPROCESSOR_DEFINITIONS = (
					"DEBUG=1",
					"$(inherited)",
				);
				GCC_WARN_64_TO_32_BIT_CONVERSION = YES;
				GCC_WARN_ABOUT_RETURN_TYPE = YES_ERROR;
				GCC_WARN_UNDECLARED_SELECTOR = YES;
				GCC_WARN_UNINITIALIZED_AUTOS = YES_AGGRESSIVE;
				GCC_WARN_UNUSED_FUNCTION = YES;
				GCC_WARN_UNUSED_VARIABLE = YES;
				IPHONEOS_DEPLOYMENT_TARGET = 15.5;
				MTL_ENABLE_DEBUG_INFO = INCLUDE_SOURCE;
				MTL_FAST_MATH = YES;
				ONLY_ACTIVE_ARCH = YES;
				SDKROOT = iphoneos;
				SWIFT_ACTIVE_COMPILATION_CONDITIONS = DEBUG;
				SWIFT_OPTIMIZATION_LEVEL = "-Onone";
			};
			name = Debug;
		};
		C82DA01428C8396F0045A36F /* Release */ = {
			isa = XCBuildConfiguration;
			buildSettings = {
				ALWAYS_SEARCH_USER_PATHS = NO;
				CLANG_ANALYZER_NONNULL = YES;
				CLANG_ANALYZER_NUMBER_OBJECT_CONVERSION = YES_AGGRESSIVE;
				CLANG_CXX_LANGUAGE_STANDARD = "gnu++17";
				CLANG_ENABLE_MODULES = YES;
				CLANG_ENABLE_OBJC_ARC = YES;
				CLANG_ENABLE_OBJC_WEAK = YES;
				CLANG_WARN_BLOCK_CAPTURE_AUTORELEASING = YES;
				CLANG_WARN_BOOL_CONVERSION = YES;
				CLANG_WARN_COMMA = YES;
				CLANG_WARN_CONSTANT_CONVERSION = YES;
				CLANG_WARN_DEPRECATED_OBJC_IMPLEMENTATIONS = YES;
				CLANG_WARN_DIRECT_OBJC_ISA_USAGE = YES_ERROR;
				CLANG_WARN_DOCUMENTATION_COMMENTS = YES;
				CLANG_WARN_EMPTY_BODY = YES;
				CLANG_WARN_ENUM_CONVERSION = YES;
				CLANG_WARN_INFINITE_RECURSION = YES;
				CLANG_WARN_INT_CONVERSION = YES;
				CLANG_WARN_NON_LITERAL_NULL_CONVERSION = YES;
				CLANG_WARN_OBJC_IMPLICIT_RETAIN_SELF = YES;
				CLANG_WARN_OBJC_LITERAL_CONVERSION = YES;
				CLANG_WARN_OBJC_ROOT_CLASS = YES_ERROR;
				CLANG_WARN_QUOTED_INCLUDE_IN_FRAMEWORK_HEADER = YES;
				CLANG_WARN_RANGE_LOOP_ANALYSIS = YES;
				CLANG_WARN_STRICT_PROTOTYPES = YES;
				CLANG_WARN_SUSPICIOUS_MOVE = YES;
				CLANG_WARN_UNGUARDED_AVAILABILITY = YES_AGGRESSIVE;
				CLANG_WARN_UNREACHABLE_CODE = YES;
				CLANG_WARN__DUPLICATE_METHOD_MATCH = YES;
				COPY_PHASE_STRIP = NO;
				DEBUG_INFORMATION_FORMAT = "dwarf-with-dsym";
				ENABLE_NS_ASSERTIONS = NO;
				ENABLE_STRICT_OBJC_MSGSEND = YES;
				GCC_C_LANGUAGE_STANDARD = gnu11;
				GCC_NO_COMMON_BLOCKS = YES;
				GCC_WARN_64_TO_32_BIT_CONVERSION = YES;
				GCC_WARN_ABOUT_RETURN_TYPE = YES_ERROR;
				GCC_WARN_UNDECLARED_SELECTOR = YES;
				GCC_WARN_UNINITIALIZED_AUTOS = YES_AGGRESSIVE;
				GCC_WARN_UNUSED_FUNCTION = YES;
				GCC_WARN_UNUSED_VARIABLE = YES;
				IPHONEOS_DEPLOYMENT_TARGET = 15.5;
				MTL_ENABLE_DEBUG_INFO = NO;
				MTL_FAST_MATH = YES;
				SDKROOT = iphoneos;
				SWIFT_COMPILATION_MODE = wholemodule;
				SWIFT_OPTIMIZATION_LEVEL = "-O";
				VALIDATE_PRODUCT = YES;
			};
			name = Release;
		};
		C82DA01628C8396F0045A36F /* Debug */ = {
			isa = XCBuildConfiguration;
			buildSettings = {
				ASSETCATALOG_COMPILER_APPICON_NAME = AppIcon;
				ASSETCATALOG_COMPILER_GLOBAL_ACCENT_COLOR_NAME = AccentColor;
				CODE_SIGN_STYLE = Automatic;
				CURRENT_PROJECT_VERSION = 1;
				DEVELOPMENT_TEAM = D7H8JCDZ95;
				GENERATE_INFOPLIST_FILE = YES;
				INFOPLIST_FILE = flixster/Info.plist;
				INFOPLIST_KEY_UIApplicationSupportsIndirectInputEvents = YES;
				INFOPLIST_KEY_UILaunchStoryboardName = LaunchScreen;
				INFOPLIST_KEY_UIMainStoryboardFile = Main;
				INFOPLIST_KEY_UISupportedInterfaceOrientations_iPad = "UIInterfaceOrientationPortrait UIInterfaceOrientationPortraitUpsideDown UIInterfaceOrientationLandscapeLeft UIInterfaceOrientationLandscapeRight";
				INFOPLIST_KEY_UISupportedInterfaceOrientations_iPhone = "UIInterfaceOrientationPortrait UIInterfaceOrientationLandscapeLeft UIInterfaceOrientationLandscapeRight";
				LD_RUNPATH_SEARCH_PATHS = (
					"$(inherited)",
					"@executable_path/Frameworks",
				);
				MARKETING_VERSION = 1.0;
				PRODUCT_BUNDLE_IDENTIFIER = com.lucasjbenda.flixster;
				PRODUCT_NAME = "$(TARGET_NAME)";
				SWIFT_EMIT_LOC_STRINGS = YES;
				SWIFT_VERSION = 5.0;
				TARGETED_DEVICE_FAMILY = "1,2";
			};
			name = Debug;
		};
		C82DA01728C8396F0045A36F /* Release */ = {
			isa = XCBuildConfiguration;
			buildSettings = {
				ASSETCATALOG_COMPILER_APPICON_NAME = AppIcon;
				ASSETCATALOG_COMPILER_GLOBAL_ACCENT_COLOR_NAME = AccentColor;
				CODE_SIGN_STYLE = Automatic;
				CURRENT_PROJECT_VERSION = 1;
				DEVELOPMENT_TEAM = D7H8JCDZ95;
				GENERATE_INFOPLIST_FILE = YES;
				INFOPLIST_FILE = flixster/Info.plist;
				INFOPLIST_KEY_UIApplicationSupportsIndirectInputEvents = YES;
				INFOPLIST_KEY_UILaunchStoryboardName = LaunchScreen;
				INFOPLIST_KEY_UIMainStoryboardFile = Main;
				INFOPLIST_KEY_UISupportedInterfaceOrientations_iPad = "UIInterfaceOrientationPortrait UIInterfaceOrientationPortraitUpsideDown UIInterfaceOrientationLandscapeLeft UIInterfaceOrientationLandscapeRight";
				INFOPLIST_KEY_UISupportedInterfaceOrientations_iPhone = "UIInterfaceOrientationPortrait UIInterfaceOrientationLandscapeLeft UIInterfaceOrientationLandscapeRight";
				LD_RUNPATH_SEARCH_PATHS = (
					"$(inherited)",
					"@executable_path/Frameworks",
				);
				MARKETING_VERSION = 1.0;
				PRODUCT_BUNDLE_IDENTIFIER = com.lucasjbenda.flixster;
				PRODUCT_NAME = "$(TARGET_NAME)";
				SWIFT_EMIT_LOC_STRINGS = YES;
				SWIFT_VERSION = 5.0;
				TARGETED_DEVICE_FAMILY = "1,2";
			};
			name = Release;
		};
		C82DA01928C8396F0045A36F /* Debug */ = {
			isa = XCBuildConfiguration;
			buildSettings = {
				ALWAYS_EMBED_SWIFT_STANDARD_LIBRARIES = YES;
				BUNDLE_LOADER = "$(TEST_HOST)";
				CODE_SIGN_STYLE = Automatic;
				CURRENT_PROJECT_VERSION = 1;
				DEVELOPMENT_TEAM = D7H8JCDZ95;
				GENERATE_INFOPLIST_FILE = YES;
				IPHONEOS_DEPLOYMENT_TARGET = 15.5;
				MARKETING_VERSION = 1.0;
				PRODUCT_BUNDLE_IDENTIFIER = com.lucasjbenda.flixsterTests;
				PRODUCT_NAME = "$(TARGET_NAME)";
				SWIFT_EMIT_LOC_STRINGS = NO;
				SWIFT_VERSION = 5.0;
				TARGETED_DEVICE_FAMILY = "1,2";
				TEST_HOST = "$(BUILT_PRODUCTS_DIR)/flixster.app/flixster";
			};
			name = Debug;
		};
		C82DA01A28C8396F0045A36F /* Release */ = {
			isa = XCBuildConfiguration;
			buildSettings = {
				ALWAYS_EMBED_SWIFT_STANDARD_LIBRARIES = YES;
				BUNDLE_LOADER = "$(TEST_HOST)";
				CODE_SIGN_STYLE = Automatic;
				CURRENT_PROJECT_VERSION = 1;
				DEVELOPMENT_TEAM = D7H8JCDZ95;
				GENERATE_INFOPLIST_FILE = YES;
				IPHONEOS_DEPLOYMENT_TARGET = 15.5;
				MARKETING_VERSION = 1.0;
				PRODUCT_BUNDLE_IDENTIFIER = com.lucasjbenda.flixsterTests;
				PRODUCT_NAME = "$(TARGET_NAME)";
				SWIFT_EMIT_LOC_STRINGS = NO;
				SWIFT_VERSION = 5.0;
				TARGETED_DEVICE_FAMILY = "1,2";
				TEST_HOST = "$(BUILT_PRODUCTS_DIR)/flixster.app/flixster";
			};
			name = Release;
		};
		C82DA01C28C8396F0045A36F /* Debug */ = {
			isa = XCBuildConfiguration;
			buildSettings = {
				ALWAYS_EMBED_SWIFT_STANDARD_LIBRARIES = YES;
				CODE_SIGN_STYLE = Automatic;
				CURRENT_PROJECT_VERSION = 1;
				DEVELOPMENT_TEAM = D7H8JCDZ95;
				GENERATE_INFOPLIST_FILE = YES;
				MARKETING_VERSION = 1.0;
				PRODUCT_BUNDLE_IDENTIFIER = com.lucasjbenda.flixsterUITests;
				PRODUCT_NAME = "$(TARGET_NAME)";
				SWIFT_EMIT_LOC_STRINGS = NO;
				SWIFT_VERSION = 5.0;
				TARGETED_DEVICE_FAMILY = "1,2";
				TEST_TARGET_NAME = flixster;
			};
			name = Debug;
		};
		C82DA01D28C8396F0045A36F /* Release */ = {
			isa = XCBuildConfiguration;
			buildSettings = {
				ALWAYS_EMBED_SWIFT_STANDARD_LIBRARIES = YES;
				CODE_SIGN_STYLE = Automatic;
				CURRENT_PROJECT_VERSION = 1;
				DEVELOPMENT_TEAM = D7H8JCDZ95;
				GENERATE_INFOPLIST_FILE = YES;
				MARKETING_VERSION = 1.0;
				PRODUCT_BUNDLE_IDENTIFIER = com.lucasjbenda.flixsterUITests;
				PRODUCT_NAME = "$(TARGET_NAME)";
				SWIFT_EMIT_LOC_STRINGS = NO;
				SWIFT_VERSION = 5.0;
				TARGETED_DEVICE_FAMILY = "1,2";
				TEST_TARGET_NAME = flixster;
			};
			name = Release;
		};
/* End XCBuildConfiguration section */

/* Begin XCConfigurationList section */
		C82D9FE628C839630045A36F /* Build configuration list for PBXProject "flixster" */ = {
			isa = XCConfigurationList;
			buildConfigurations = (
				C82DA01328C8396F0045A36F /* Debug */,
				C82DA01428C8396F0045A36F /* Release */,
			);
			defaultConfigurationIsVisible = 0;
			defaultConfigurationName = Release;
		};
		C82DA01528C8396F0045A36F /* Build configuration list for PBXNativeTarget "flixster" */ = {
			isa = XCConfigurationList;
			buildConfigurations = (
				C82DA01628C8396F0045A36F /* Debug */,
				C82DA01728C8396F0045A36F /* Release */,
			);
			defaultConfigurationIsVisible = 0;
			defaultConfigurationName = Release;
		};
		C82DA01828C8396F0045A36F /* Build configuration list for PBXNativeTarget "flixsterTests" */ = {
			isa = XCConfigurationList;
			buildConfigurations = (
				C82DA01928C8396F0045A36F /* Debug */,
				C82DA01A28C8396F0045A36F /* Release */,
			);
			defaultConfigurationIsVisible = 0;
			defaultConfigurationName = Release;
		};
		C82DA01B28C8396F0045A36F /* Build configuration list for PBXNativeTarget "flixsterUITests" */ = {
			isa = XCConfigurationList;
			buildConfigurations = (
				C82DA01C28C8396F0045A36F /* Debug */,
				C82DA01D28C8396F0045A36F /* Release */,
			);
			defaultConfigurationIsVisible = 0;
			defaultConfigurationName = Release;
		};
/* End XCConfigurationList section */
	};
	rootObject = C82D9FE328C839630045A36F /* Project object */;
}
